{
  "name": "sito-andrea",
  "version": "1.0.0",
  "lockfileVersion": 1,
  "requires": true,
  "dependencies": {
    "blurify": {
      "version": "1.2.0",
      "resolved": "https://registry.npmjs.org/blurify/-/blurify-1.2.0.tgz",
      "integrity": "sha512-ltx+7Gic2gClvzYAV9WLTzoSL2uyTwfViLEzqjT5mgF7yebVwdU/jw4Pj5WYb4m6KgK8mkKzmRRBmCWWS8VTNw=="
    }
  }
}
